
Microsoft Visual Studio Solution File, Format Version 12.00
Project("{FAE04EC0-301F-11D3-BF4B-00C04F79EFBC}") = "PostgreSQLGateway", "PostgreSQLGateway\PostgreSQLGateway.csproj", "{2AC5A9C9-F0A2-482F-BEEC-23EC32FE1C62}"
EndProject
Project("{FAE04EC0-301F-11D3-BF4B-00C04F79EFBC}") = "PostgresMessageSerializer", "PostgresMessageSerializer\PostgresMessageSerializer\PostgresMessageSerializer.csproj", "{69B8114C-E1ED-4F41-A100-0C95F19AF6B0}"
EndProject
Project("{FAE04EC0-301F-11D3-BF4B-00C04F79EFBC}") = "PostgresMessageSerializer.Tests", "PostgresMessageSerializer\PostgresMessageSerializer.Tests\PostgresMessageSerializer.Tests.csproj", "{CCFFB213-12B5-40E8-9A63-B4AABADDFB67}"
EndProject
Project("{FAE04EC0-301F-11D3-BF4B-00C04F79EFBC}") = "PostgreSQLGateway.Test.CLI", "PostgreSQLGateway.Test.CLI\PostgreSQLGateway.Test.CLI.csproj", "{6D282EE8-6417-46C3-A918-0BE4A27C11E4}"
EndProject
Project("{FAE04EC0-301F-11D3-BF4B-00C04F79EFBC}") = "PostgreSQLGateway.Interfaces", "PostgreSQLGateway.Interfaces\PostgreSQLGateway.Interfaces.csproj", "{A713F671-FAD7-4878-9691-70929FBB5A45}"
EndProject
Project("{FAE04EC0-301F-11D3-BF4B-00C04F79EFBC}") = "JDBCMetadata", "JDBCMetadata\JDBCMetadata.csproj", "{EF8278B5-4117-42B3-92C3-9ED314D09536}"
EndProject
Project("{FAE04EC0-301F-11D3-BF4B-00C04F79EFBC}") = "DummyData", "DummyData\DummyData.csproj", "{FD6E1C3D-F22C-4770-9FF1-8BA9D3005A5B}"
EndProject
Project("{FAE04EC0-301F-11D3-BF4B-00C04F79EFBC}") = "NpgsqlMessageHandler", "NpgsqlMessageHandler\NpgsqlMessageHandler.csproj", "{E5858B26-FDE2-4FF4-A742-753D3DCE9F4C}"
EndProject
Project("{FAE04EC0-301F-11D3-BF4B-00C04F79EFBC}") = "PostgreSQLGateway.StartupMessageHandler", "PostgreSQLGateway.StartupMessageHandler\PostgreSQLGateway.StartupMessageHandler.csproj", "{BD620F62-4294-47BB-A3C1-32FEEAE54448}"
EndProject
Global
	GlobalSection(SolutionConfigurationPlatforms) = preSolution
		Debug|Any CPU = Debug|Any CPU
		Release|Any CPU = Release|Any CPU
	EndGlobalSection
	GlobalSection(ProjectConfigurationPlatforms) = postSolution
		{2AC5A9C9-F0A2-482F-BEEC-23EC32FE1C62}.Debug|Any CPU.ActiveCfg = Debug|Any CPU
		{2AC5A9C9-F0A2-482F-BEEC-23EC32FE1C62}.Debug|Any CPU.Build.0 = Debug|Any CPU
		{2AC5A9C9-F0A2-482F-BEEC-23EC32FE1C62}.Release|Any CPU.ActiveCfg = Release|Any CPU
		{2AC5A9C9-F0A2-482F-BEEC-23EC32FE1C62}.Release|Any CPU.Build.0 = Release|Any CPU
		{69B8114C-E1ED-4F41-A100-0C95F19AF6B0}.Debug|Any CPU.ActiveCfg = Debug|Any CPU
		{69B8114C-E1ED-4F41-A100-0C95F19AF6B0}.Debug|Any CPU.Build.0 = Debug|Any CPU
		{69B8114C-E1ED-4F41-A100-0C95F19AF6B0}.Release|Any CPU.ActiveCfg = Release|Any CPU
		{69B8114C-E1ED-4F41-A100-0C95F19AF6B0}.Release|Any CPU.Build.0 = Release|Any CPU
		{CCFFB213-12B5-40E8-9A63-B4AABADDFB67}.Debug|Any CPU.ActiveCfg = Debug|Any CPU
		{CCFFB213-12B5-40E8-9A63-B4AABADDFB67}.Debug|Any CPU.Build.0 = Debug|Any CPU
		{CCFFB213-12B5-40E8-9A63-B4AABADDFB67}.Release|Any CPU.ActiveCfg = Release|Any CPU
		{CCFFB213-12B5-40E8-9A63-B4AABADDFB67}.Release|Any CPU.Build.0 = Release|Any CPU
		{6D282EE8-6417-46C3-A918-0BE4A27C11E4}.Debug|Any CPU.ActiveCfg = Debug|Any CPU
		{6D282EE8-6417-46C3-A918-0BE4A27C11E4}.Debug|Any CPU.Build.0 = Debug|Any CPU
		{6D282EE8-6417-46C3-A918-0BE4A27C11E4}.Release|Any CPU.ActiveCfg = Release|Any CPU
		{6D282EE8-6417-46C3-A918-0BE4A27C11E4}.Release|Any CPU.Build.0 = Release|Any CPU
		{A713F671-FAD7-4878-9691-70929FBB5A45}.Debug|Any CPU.ActiveCfg = Debug|Any CPU
		{A713F671-FAD7-4878-9691-70929FBB5A45}.Debug|Any CPU.Build.0 = Debug|Any CPU
		{A713F671-FAD7-4878-9691-70929FBB5A45}.Release|Any CPU.ActiveCfg = Release|Any CPU
		{A713F671-FAD7-4878-9691-70929FBB5A45}.Release|Any CPU.Build.0 = Release|Any CPU
		{EF8278B5-4117-42B3-92C3-9ED314D09536}.Debug|Any CPU.ActiveCfg = Debug|Any CPU
		{EF8278B5-4117-42B3-92C3-9ED314D09536}.Debug|Any CPU.Build.0 = Debug|Any CPU
		{EF8278B5-4117-42B3-92C3-9ED314D09536}.Release|Any CPU.ActiveCfg = Release|Any CPU
		{EF8278B5-4117-42B3-92C3-9ED314D09536}.Release|Any CPU.Build.0 = Release|Any CPU
		{FD6E1C3D-F22C-4770-9FF1-8BA9D3005A5B}.Debug|Any CPU.ActiveCfg = Debug|Any CPU
		{FD6E1C3D-F22C-4770-9FF1-8BA9D3005A5B}.Debug|Any CPU.Build.0 = Debug|Any CPU
		{FD6E1C3D-F22C-4770-9FF1-8BA9D3005A5B}.Release|Any CPU.ActiveCfg = Release|Any CPU
		{FD6E1C3D-F22C-4770-9FF1-8BA9D3005A5B}.Release|Any CPU.Build.0 = Release|Any CPU
		{E5858B26-FDE2-4FF4-A742-753D3DCE9F4C}.Debug|Any CPU.ActiveCfg = Debug|Any CPU
		{E5858B26-FDE2-4FF4-A742-753D3DCE9F4C}.Debug|Any CPU.Build.0 = Debug|Any CPU
		{E5858B26-FDE2-4FF4-A742-753D3DCE9F4C}.Release|Any CPU.ActiveCfg = Release|Any CPU
		{E5858B26-FDE2-4FF4-A742-753D3DCE9F4C}.Release|Any CPU.Build.0 = Release|Any CPU
		{BD620F62-4294-47BB-A3C1-32FEEAE54448}.Debug|Any CPU.ActiveCfg = Debug|Any CPU
		{BD620F62-4294-47BB-A3C1-32FEEAE54448}.Debug|Any CPU.Build.0 = Debug|Any CPU
		{BD620F62-4294-47BB-A3C1-32FEEAE54448}.Release|Any CPU.ActiveCfg = Release|Any CPU
		{BD620F62-4294-47BB-A3C1-32FEEAE54448}.Release|Any CPU.Build.0 = Release|Any CPU
	EndGlobalSection
EndGlobal
